// !$*UTF8*$!
{
	archiveVersion = 1;
	classes = {
	};
	objectVersion = 46;
	objects = {

/* Begin PBXBuildFile section */
		29975DC11C33D8B100A21AD7 /* main.m in Sources */ = {isa = PBXBuildFile; fileRef = 29975DC01C33D8B100A21AD7 /* main.m */; };
		29975DC91C33D8CA00A21AD7 /* Person.m in Sources */ = {isa = PBXBuildFile; fileRef = 29975DC81C33D8CA00A21AD7 /* Person.m */; };
/* End PBXBuildFile section */

/* Begin PBXCopyFilesBuildPhase section */
		29975DBB1C33D8B100A21AD7 /* CopyFiles */ = {
			isa = PBXCopyFilesBuildPhase;
			buildActionMask = 2147483647;
			dstPath = /usr/share/man/man1/;
			dstSubfolderSpec = 0;
			files = (
			);
			runOnlyForDeploymentPostprocessing = 1;
		};
/* End PBXCopyFilesBuildPhase section */

/* Begin PBXFileReference section */
		29975DBD1C33D8B100A21AD7 /* NSDictionary2Mode_crash */ = {isa = PBXFileReference; explicitFileType = "compiled.mach-o.executable"; includeInIndex = 0; path = NSDictionary2Mode_crash; sourceTree = BUILT_PRODUCTS_DIR; };
		29975DC01C33D8B100A21AD7 /* main.m */ = {isa = PBXFileReference; lastKnownFileType = sourcecode.c.objc; path = main.m; sourceTree = "<group>"; };
		29975DC71C33D8CA00A21AD7 /* Person.h */ = {isa = PBXFileReference; fileEncoding = 4; lastKnownFileType = sourcecode.c.h; path = Person.h; sourceTree = "<group>"; };
		29975DC81C33D8CA00A21AD7 /* Person.m */ = {isa = PBXFileReference; fileEncoding = 4; lastKnownFileType = sourcecode.c.objc; path = Person.m; sourceTree = "<group>"; };
/* End PBXFileReference section */

/* Begin PBXFrameworksBuildPhase section */
		29975DBA1C33D8B100A21AD7 /* Frameworks */ = {
			isa = PBXFrameworksBuildPhase;
			buildActionMask = 2147483647;
			files = (
			);
			runOnlyForDeploymentPostprocessing = 0;
		};
/* End PBXFrameworksBuildPhase section */

/* Begin PBXGroup section */
		29975DB41C33D8B100A21AD7 = {
			isa = PBXGroup;
			children = (
				29975DBF1C33D8B100A21AD7 /* NSDictionary2Mode_crash */,
				29975DBE1C33D8B100A21AD7 /* Products */,
			);
			sourceTree = "<group>";
		};
		29975DBE1C33D8B100A21AD7 /* Products */ = {
			isa = PBXGroup;
			children = (
				29975DBD1C33D8B100A21AD7 /* NSDictionary2Mode_crash */,
			);
			name = Products;
			sourceTree = "<group>";
		};
		29975DBF1C33D8B100A21AD7 /* NSDictionary2Mode_crash */ = {
			isa = PBXGroup;
			children = (
				29975DC01C33D8B100A21AD7 /* main.m */,
				29975DC71C33D8CA00A21AD7 /* Person.h */,
				29975DC81C33D8CA00A21AD7 /* Person.m */,
			);
			path = NSDictionary2Mode_crash;
			sourceTree = "<group>";
		};
/* End PBXGroup section */

/* Begin PBXNativeTarget section */
		29975DBC1C33D8B100A21AD7 /* NSDictionary2Mode_crash */ = {
			isa = PBXNativeTarget;
			buildConfigurationList = 29975DC41C33D8B100A21AD7 /* Build configuration list for PBXNativeTarget "NSDictionary2Mode_crash" */;
			buildPhases = (
				29975DB91C33D8B100A21AD7 /* Sources */,
				29975DBA1C33D8B100A21AD7 /* Frameworks */,
				29975DBB1C33D8B100A21AD7 /* CopyFiles */,
			);
			buildRules = (
			);
			dependencies = (
			);
			name = NSDictionary2Mode_crash;
			productName = NSDictionary2Mode_crash;
			productReference = 29975DBD1C33D8B100A21AD7 /* NSDictionary2Mode_crash */;
			productType = "com.apple.product-type.tool";
		};
/* End PBXNativeTarget section */

/* Begin PBXProject section */
		29975DB51C33D8B100A21AD7 /* Project object */ = {
			isa = PBXProject;
			attributes = {
				LastUpgradeCheck = 0710;
				ORGANIZATIONNAME = wbder;
				TargetAttributes = {
					29975DBC1C33D8B100A21AD7 = {
						CreatedOnToolsVersion = 7.1.1;
					};
				};
			};
			buildConfigurationList = 29975DB81C33D8B100A21AD7 /* Build configuration list for PBXProject "NSDictionary2Mode_crash" */;
			compatibilityVersion = "Xcode 3.2";
			developmentRegion = English;
			hasScannedForEncodings = 0;
			knownRegions = (
				en,
			);
			mainGroup = 29975DB41C33D8B100A21AD7;
			productRefGroup = 29975DBE1C33D8B100A21AD7 /* Products */;
			projectDirPath = "";
			projectRoot = "";
			targets = (
				29975DBC1C33D8B100A21AD7 /* NSDictionary2Mode_crash */,
			);
		};
/* End PBXProject section */

/* Begin PBXSourcesBuildPhase section */
		29975DB91C33D8B100A21AD7 /* Sources */ = {
			isa = PBXSourcesBuildPhase;
			buildActionMask = 2147483647;
			files = (
				29975DC91C33D8CA00A21AD7 /* Person.m in Sources */,
				29975DC11C33D8B100A21AD7 /* main.m in Sources */,
			);
			runOnlyForDeploymentPostprocessing = 0;
		};
/* End PBXSourcesBuildPhase section */

/* Begin XCBuildConfiguration section */
		29975DC21C33D8B100A21AD7 /* Debug */ = {
			isa = XCBuildConfiguration;
			buildSettings = {
				ALWAYS_SEARCH_USER_PATHS = NO;
				CLANG_CXX_LANGUAGE_STANDARD = "gnu++0x";
				CLANG_CXX_LIBRARY = "libc++";
				CLANG_ENABLE_MODULES = YES;
				CLANG_ENABLE_OBJC_ARC = YES;
				CLANG_WARN_BOOL_CONVERSION = YES;
				CLANG_WARN_CONSTANT_CONVERSION = YES;
				CLANG_WARN_DIRECT_OBJC_ISA_USAGE = YES_ERROR;
				CLANG_WARN_EMPTY_BODY = YES;
				CLANG_WARN_ENUM_CONVERSION = YES;
				CLANG_WARN_INT_CONVERSION = YES;
				CLANG_WARN_OBJC_ROOT_CLASS = YES_ERROR;
				CLANG_WARN_UNREACHABLE_CODE = YES;
				CLANG_WARN__DUPLICATE_METHOD_MATCH = YES;
				CODE_SIGN_IDENTITY = "-";
				COPY_PHASE_STRIP = NO;
				DEBUG_INFORMATION_FORMAT = dwarf;
				ENABLE_STRICT_OBJC_MSGSEND = YES;
				ENABLE_TESTABILITY = YES;
				GCC_C_LANGUAGE_STANDARD = gnu99;
				GCC_DYNAMIC_NO_PIC = NO;
				GCC_NO_COMMON_BLOCKS = YES;
				GCC_OPTIMIZATION_LEVEL = 0;
				GCC_PREPROCESSOR_DEFINITIONS = (
					"DEBUG=1",
					"$(inherited)",
				);
				GCC_WARN_64_TO_32_BIT_CONVERSION = YES;
				GCC_WARN_ABOUT_RETURN_TYPE = YES_ERROR;
				GCC_WARN_UNDECLARED_SELECTOR = YES;
				GCC_WARN_UNINITIALIZED_AUTOS = YES_AGGRESSIVE;
				GCC_WARN_UNUSED_FUNCTION = YES;
				GCC_WARN_UNUSED_VARIABLE = YES;
				MACOSX_DEPLOYMENT_TARGET = 10.10;
				MTL_ENABLE_DEBUG_INFO = YES;
				ONLY_ACTIVE_ARCH = YES;
				SDKROOT = macosx;
			};
			name = Debug;
		};
		29975DC31C33D8B100A21AD7 /* Release */ = {
			isa = XCBuildConfiguration;
			buildSettings = {
				ALWAYS_SEARCH_USER_PATHS = NO;
				CLANG_CXX_LANGUAGE_STANDARD = "gnu++0x";
				CLANG_CXX_LIBRARY = "libc++";
				CLANG_ENABLE_MODULES = YES;
				CLANG_ENABLE_OBJC_ARC = YES;
				CLANG_WARN_BOOL_CONVERSION = YES;
				CLANG_WARN_CONSTANT_CONVERSION = YES;
				CLANG_WARN_DIRECT_OBJC_ISA_USAGE = YES_ERROR;
				CLANG_WARN_EMPTY_BODY = YES;
				CLANG_WARN_ENUM_CONVERSION = YES;
				CLANG_WARN_INT_CONVERSION = YES;
				CLANG_WARN_OBJC_ROOT_CLASS = YES_ERROR;
				CLANG_WARN_UNREACHABLE_CODE = YES;
				CLANG_WARN__DUPLICATE_METHOD_MATCH = YES;
				CODE_SIGN_IDENTITY = "-";
				COPY_PHASE_STRIP = NO;
				DEBUG_INFORMATION_FORMAT = "dwarf-with-dsym";
				ENABLE_NS_ASSERTIONS = NO;
				ENABLE_STRICT_OBJC_MSGSEND = YES;
				GCC_C_LANGUAGE_STANDARD = gnu99;
				GCC_NO_COMMON_BLOCKS = YES;
				GCC_WARN_64_TO_32_BIT_CONVERSION = YES;
				GCC_WARN_ABOUT_RETURN_TYPE = YES_ERROR;
				GCC_WARN_UNDECLARED_SELECTOR = YES;
				GCC_WARN_UNINITIALIZED_AUTOS = YES_AGGRESSIVE;
				GCC_WARN_UNUSED_FUNCTION = YES;
				GCC_WARN_UNUSED_VARIABLE = YES;
				MACOSX_DEPLOYMENT_TARGET = 10.10;
				MTL_ENABLE_DEBUG_INFO = NO;
				SDKROOT = macosx;
			};
			name = Release;
		};
		29975DC51C33D8B100A21AD7 /* Debug */ = {
			isa = XCBuildConfiguration;
			buildSettings = {
				PRODUCT_NAME = "$(TARGET_NAME)";
			};
			name = Debug;
		};
		29975DC61C33D8B100A21AD7 /* Release */ = {
			isa = XCBuildConfiguration;
			buildSettings = {
				PRODUCT_NAME = "$(TARGET_NAME)";
			};
			name = Release;
		};
/* End XCBuildConfiguration section */

/* Begin XCConfigurationList section */
		29975DB81C33D8B100A21AD7 /* Build configuration list for PBXProject "NSDictionary2Mode_crash" */ = {
			isa = XCConfigurationList;
			buildConfigurations = (
				29975DC21C33D8B100A21AD7 /* Debug */,
				29975DC31C33D8B100A21AD7 /* Release */,
			);
			defaultConfigurationIsVisible = 0;
			defaultConfigurationName = Release;
		};
		29975DC41C33D8B100A21AD7 /* Build configuration list for PBXNativeTarget "NSDictionary2Mode_crash" */ = {
			isa = XCConfigurationList;
			buildConfigurations = (
				29975DC51C33D8B100A21AD7 /* Debug */,
				29975DC61C33D8B100A21AD7 /* Release */,
			);
			defaultConfigurationIsVisible = 0;
		};
/* End XCConfigurationList section */
	};
	rootObject = 29975DB51C33D8B100A21AD7 /* Project object */;
}
